
Microsoft Visual Studio Solution File, Format Version 12.00
# Visual Studio Version 17
VisualStudioVersion = 17.3.32929.385
MinimumVisualStudioVersion = 10.0.40219.1
Project("{FAE04EC0-301F-11D3-BF4B-00C04F79EFBC}") = "Module.26.Final.Task", "Module.26.Final.Task\Module.26.Final.Task.csproj", "{24E2C9D0-115E-48B6-90E5-D2B057C68C33}"
EndProject
Global
	GlobalSection(SolutionConfigurationPlatforms) = preSolution
		Debug|Any CPU = Debug|Any CPU
		Release|Any CPU = Release|Any CPU
	EndGlobalSection
	GlobalSection(ProjectConfigurationPlatforms) = postSolution
		{24E2C9D0-115E-48B6-90E5-D2B057C68C33}.Debug|Any CPU.ActiveCfg = Debug|Any CPU
		{24E2C9D0-115E-48B6-90E5-D2B057C68C33}.Debug|Any CPU.Build.0 = Debug|Any CPU
		{24E2C9D0-115E-48B6-90E5-D2B057C68C33}.Release|Any CPU.ActiveCfg = Release|Any CPU
		{24E2C9D0-115E-48B6-90E5-D2B057C68C33}.Release|Any CPU.Build.0 = Release|Any CPU
	EndGlobalSection
	GlobalSection(SolutionProperties) = preSolution
		HideSolutionNode = FALSE
	EndGlobalSection
	GlobalSection(ExtensibilityGlobals) = postSolution
		SolutionGuid = {34AE5BB5-5BD7-4050-8D9C-6123F9E9AA05}
	EndGlobalSection
EndGlobal
